
Microsoft Visual Studio Solution File, Format Version 12.00
# Visual Studio Version 16
VisualStudioVersion = 16.0.29609.76
MinimumVisualStudioVersion = 10.0.40219.1
Project("{D954291E-2A0B-460D-934E-DC6B0785DB48}") = "UnoApp.Shared", "UnoApp\UnoApp.Shared\UnoApp.Shared.shproj", "{6279C845-92F8-4333-AB99-3D213163593C}"
EndProject
Project("{FAE04EC0-301F-11D3-BF4B-00C04F79EFBC}") = "UnoApp.Droid", "UnoApp\UnoApp.Droid\UnoApp.Droid.csproj", "{A2ECCE95-3292-4C40-9944-6ED2A097BE66}"
EndProject
Project("{FAE04EC0-301F-11D3-BF4B-00C04F79EFBC}") = "UnoApp.iOS", "UnoApp\UnoApp.iOS\UnoApp.iOS.csproj", "{6F28F310-F46F-4BAA-A916-7FE366997AC5}"
EndProject
Project("{FAE04EC0-301F-11D3-BF4B-00C04F79EFBC}") = "UnoApp.UWP", "UnoApp\UnoApp.UWP\UnoApp.UWP.csproj", "{6CC874A5-9827-4FD6-B033-50B488D36E49}"
EndProject
Project("{9A19103F-16F7-4668-BE54-9A1E7A4F7556}") = "UnoApp.Wasm", "UnoApp\UnoApp.Wasm\UnoApp.Wasm.csproj", "{7FAD781C-B7C7-4BD4-A001-ED56AC18369A}"
EndProject
Global
	GlobalSection(SharedMSBuildProjectFiles) = preSolution
		UnoApp\UnoApp.Shared\UnoApp.Shared.projitems*{6279c845-92f8-4333-ab99-3d213163593c}*SharedItemsImports = 13
		UnoApp\UnoApp.Shared\UnoApp.Shared.projitems*{6cc874a5-9827-4fd6-b033-50b488d36e49}*SharedItemsImports = 4
		UnoApp\UnoApp.Shared\UnoApp.Shared.projitems*{6f28f310-f46f-4baa-a916-7fe366997ac5}*SharedItemsImports = 4
		UnoApp\UnoApp.Shared\UnoApp.Shared.projitems*{a2ecce95-3292-4c40-9944-6ed2a097be66}*SharedItemsImports = 4
	EndGlobalSection
	GlobalSection(SolutionConfigurationPlatforms) = preSolution
		Ad-Hoc|Any CPU = Ad-Hoc|Any CPU
		Ad-Hoc|ARM = Ad-Hoc|ARM
		Ad-Hoc|iPhone = Ad-Hoc|iPhone
		Ad-Hoc|iPhoneSimulator = Ad-Hoc|iPhoneSimulator
		Ad-Hoc|x64 = Ad-Hoc|x64
		Ad-Hoc|x86 = Ad-Hoc|x86
		AppStore|Any CPU = AppStore|Any CPU
		AppStore|ARM = AppStore|ARM
		AppStore|iPhone = AppStore|iPhone
		AppStore|iPhoneSimulator = AppStore|iPhoneSimulator
		AppStore|x64 = AppStore|x64
		AppStore|x86 = AppStore|x86
		Debug|Any CPU = Debug|Any CPU
		Debug|ARM = Debug|ARM
		Debug|iPhone = Debug|iPhone
		Debug|iPhoneSimulator = Debug|iPhoneSimulator
		Debug|x64 = Debug|x64
		Debug|x86 = Debug|x86
		Release|Any CPU = Release|Any CPU
		Release|ARM = Release|ARM
		Release|iPhone = Release|iPhone
		Release|iPhoneSimulator = Release|iPhoneSimulator
		Release|x64 = Release|x64
		Release|x86 = Release|x86
	EndGlobalSection
	GlobalSection(ProjectConfigurationPlatforms) = postSolution
		{A2ECCE95-3292-4C40-9944-6ED2A097BE66}.Ad-Hoc|Any CPU.ActiveCfg = Release|Any CPU
		{A2ECCE95-3292-4C40-9944-6ED2A097BE66}.Ad-Hoc|Any CPU.Build.0 = Release|Any CPU
		{A2ECCE95-3292-4C40-9944-6ED2A097BE66}.Ad-Hoc|Any CPU.Deploy.0 = Release|Any CPU
		{A2ECCE95-3292-4C40-9944-6ED2A097BE66}.Ad-Hoc|ARM.ActiveCfg = Release|Any CPU
		{A2ECCE95-3292-4C40-9944-6ED2A097BE66}.Ad-Hoc|ARM.Build.0 = Release|Any CPU
		{A2ECCE95-3292-4C40-9944-6ED2A097BE66}.Ad-Hoc|ARM.Deploy.0 = Release|Any CPU
		{A2ECCE95-3292-4C40-9944-6ED2A097BE66}.Ad-Hoc|iPhone.ActiveCfg = Release|Any CPU
		{A2ECCE95-3292-4C40-9944-6ED2A097BE66}.Ad-Hoc|iPhone.Build.0 = Release|Any CPU
		{A2ECCE95-3292-4C40-9944-6ED2A097BE66}.Ad-Hoc|iPhone.Deploy.0 = Release|Any CPU
		{A2ECCE95-3292-4C40-9944-6ED2A097BE66}.Ad-Hoc|iPhoneSimulator.ActiveCfg = Release|Any CPU
		{A2ECCE95-3292-4C40-9944-6ED2A097BE66}.Ad-Hoc|iPhoneSimulator.Build.0 = Release|Any CPU
		{A2ECCE95-3292-4C40-9944-6ED2A097BE66}.Ad-Hoc|iPhoneSimulator.Deploy.0 = Release|Any CPU
		{A2ECCE95-3292-4C40-9944-6ED2A097BE66}.Ad-Hoc|x64.ActiveCfg = Release|Any CPU
		{A2ECCE95-3292-4C40-9944-6ED2A097BE66}.Ad-Hoc|x64.Build.0 = Release|Any CPU
		{A2ECCE95-3292-4C40-9944-6ED2A097BE66}.Ad-Hoc|x64.Deploy.0 = Release|Any CPU
		{A2ECCE95-3292-4C40-9944-6ED2A097BE66}.Ad-Hoc|x86.ActiveCfg = Release|Any CPU
		{A2ECCE95-3292-4C40-9944-6ED2A097BE66}.Ad-Hoc|x86.Build.0 = Release|Any CPU
		{A2ECCE95-3292-4C40-9944-6ED2A097BE66}.Ad-Hoc|x86.Deploy.0 = Release|Any CPU
		{A2ECCE95-3292-4C40-9944-6ED2A097BE66}.AppStore|Any CPU.ActiveCfg = Release|Any CPU
		{A2ECCE95-3292-4C40-9944-6ED2A097BE66}.AppStore|Any CPU.Build.0 = Release|Any CPU
		{A2ECCE95-3292-4C40-9944-6ED2A097BE66}.AppStore|Any CPU.Deploy.0 = Release|Any CPU
		{A2ECCE95-3292-4C40-9944-6ED2A097BE66}.AppStore|ARM.ActiveCfg = Release|Any CPU
		{A2ECCE95-3292-4C40-9944-6ED2A097BE66}.AppStore|ARM.Build.0 = Release|Any CPU
		{A2ECCE95-3292-4C40-9944-6ED2A097BE66}.AppStore|ARM.Deploy.0 = Release|Any CPU
		{A2ECCE95-3292-4C40-9944-6ED2A097BE66}.AppStore|iPhone.ActiveCfg = Release|Any CPU
		{A2ECCE95-3292-4C40-9944-6ED2A097BE66}.AppStore|iPhone.Build.0 = Release|Any CPU
		{A2ECCE95-3292-4C40-9944-6ED2A097BE66}.AppStore|iPhone.Deploy.0 = Release|Any CPU
		{A2ECCE95-3292-4C40-9944-6ED2A097BE66}.AppStore|iPhoneSimulator.ActiveCfg = Release|Any CPU
		{A2ECCE95-3292-4C40-9944-6ED2A097BE66}.AppStore|iPhoneSimulator.Build.0 = Release|Any CPU
		{A2ECCE95-3292-4C40-9944-6ED2A097BE66}.AppStore|iPhoneSimulator.Deploy.0 = Release|Any CPU
		{A2ECCE95-3292-4C40-9944-6ED2A097BE66}.AppStore|x64.ActiveCfg = Release|Any CPU
		{A2ECCE95-3292-4C40-9944-6ED2A097BE66}.AppStore|x64.Build.0 = Release|Any CPU
		{A2ECCE95-3292-4C40-9944-6ED2A097BE66}.AppStore|x64.Deploy.0 = Release|Any CPU
		{A2ECCE95-3292-4C40-9944-6ED2A097BE66}.AppStore|x86.ActiveCfg = Release|Any CPU
		{A2ECCE95-3292-4C40-9944-6ED2A097BE66}.AppStore|x86.Build.0 = Release|Any CPU
		{A2ECCE95-3292-4C40-9944-6ED2A097BE66}.AppStore|x86.Deploy.0 = Release|Any CPU
		{A2ECCE95-3292-4C40-9944-6ED2A097BE66}.Debug|Any CPU.ActiveCfg = Debug|Any CPU
		{A2ECCE95-3292-4C40-9944-6ED2A097BE66}.Debug|Any CPU.Build.0 = Debug|Any CPU
		{A2ECCE95-3292-4C40-9944-6ED2A097BE66}.Debug|Any CPU.Deploy.0 = Debug|Any CPU
		{A2ECCE95-3292-4C40-9944-6ED2A097BE66}.Debug|ARM.ActiveCfg = Debug|Any CPU
		{A2ECCE95-3292-4C40-9944-6ED2A097BE66}.Debug|ARM.Build.0 = Debug|Any CPU
		{A2ECCE95-3292-4C40-9944-6ED2A097BE66}.Debug|ARM.Deploy.0 = Debug|Any CPU
		{A2ECCE95-3292-4C40-9944-6ED2A097BE66}.Debug|iPhone.ActiveCfg = Debug|Any CPU
		{A2ECCE95-3292-4C40-9944-6ED2A097BE66}.Debug|iPhone.Build.0 = Debug|Any CPU
		{A2ECCE95-3292-4C40-9944-6ED2A097BE66}.Debug|iPhone.Deploy.0 = Debug|Any CPU
		{A2ECCE95-3292-4C40-9944-6ED2A097BE66}.Debug|iPhoneSimulator.ActiveCfg = Debug|Any CPU
		{A2ECCE95-3292-4C40-9944-6ED2A097BE66}.Debug|iPhoneSimulator.Build.0 = Debug|Any CPU
		{A2ECCE95-3292-4C40-9944-6ED2A097BE66}.Debug|iPhoneSimulator.Deploy.0 = Debug|Any CPU
		{A2ECCE95-3292-4C40-9944-6ED2A097BE66}.Debug|x64.ActiveCfg = Debug|Any CPU
		{A2ECCE95-3292-4C40-9944-6ED2A097BE66}.Debug|x64.Build.0 = Debug|Any CPU
		{A2ECCE95-3292-4C40-9944-6ED2A097BE66}.Debug|x64.Deploy.0 = Debug|Any CPU
		{A2ECCE95-3292-4C40-9944-6ED2A097BE66}.Debug|x86.ActiveCfg = Debug|Any CPU
		{A2ECCE95-3292-4C40-9944-6ED2A097BE66}.Debug|x86.Build.0 = Debug|Any CPU
		{A2ECCE95-3292-4C40-9944-6ED2A097BE66}.Debug|x86.Deploy.0 = Debug|Any CPU
		{A2ECCE95-3292-4C40-9944-6ED2A097BE66}.Release|Any CPU.ActiveCfg = Release|Any CPU
		{A2ECCE95-3292-4C40-9944-6ED2A097BE66}.Release|Any CPU.Build.0 = Release|Any CPU
		{A2ECCE95-3292-4C40-9944-6ED2A097BE66}.Release|Any CPU.Deploy.0 = Release|Any CPU
		{A2ECCE95-3292-4C40-9944-6ED2A097BE66}.Release|ARM.ActiveCfg = Release|Any CPU
		{A2ECCE95-3292-4C40-9944-6ED2A097BE66}.Release|ARM.Build.0 = Release|Any CPU
		{A2ECCE95-3292-4C40-9944-6ED2A097BE66}.Release|ARM.Deploy.0 = Release|Any CPU
		{A2ECCE95-3292-4C40-9944-6ED2A097BE66}.Release|iPhone.ActiveCfg = Release|Any CPU
		{A2ECCE95-3292-4C40-9944-6ED2A097BE66}.Release|iPhone.Build.0 = Release|Any CPU
		{A2ECCE95-3292-4C40-9944-6ED2A097BE66}.Release|iPhone.Deploy.0 = Release|Any CPU
		{A2ECCE95-3292-4C40-9944-6ED2A097BE66}.Release|iPhoneSimulator.ActiveCfg = Release|Any CPU
		{A2ECCE95-3292-4C40-9944-6ED2A097BE66}.Release|iPhoneSimulator.Build.0 = Release|Any CPU
		{A2ECCE95-3292-4C40-9944-6ED2A097BE66}.Release|iPhoneSimulator.Deploy.0 = Release|Any CPU
		{A2ECCE95-3292-4C40-9944-6ED2A097BE66}.Release|x64.ActiveCfg = Release|Any CPU
		{A2ECCE95-3292-4C40-9944-6ED2A097BE66}.Release|x64.Build.0 = Release|Any CPU
		{A2ECCE95-3292-4C40-9944-6ED2A097BE66}.Release|x64.Deploy.0 = Release|Any CPU
		{A2ECCE95-3292-4C40-9944-6ED2A097BE66}.Release|x86.ActiveCfg = Release|Any CPU
		{A2ECCE95-3292-4C40-9944-6ED2A097BE66}.Release|x86.Build.0 = Release|Any CPU
		{A2ECCE95-3292-4C40-9944-6ED2A097BE66}.Release|x86.Deploy.0 = Release|Any CPU
		{6F28F310-F46F-4BAA-A916-7FE366997AC5}.Ad-Hoc|Any CPU.ActiveCfg = Ad-Hoc|iPhone
		{6F28F310-F46F-4BAA-A916-7FE366997AC5}.Ad-Hoc|ARM.ActiveCfg = Ad-Hoc|iPhone
		{6F28F310-F46F-4BAA-A916-7FE366997AC5}.Ad-Hoc|iPhone.ActiveCfg = Ad-Hoc|iPhone
		{6F28F310-F46F-4BAA-A916-7FE366997AC5}.Ad-Hoc|iPhone.Build.0 = Ad-Hoc|iPhone
		{6F28F310-F46F-4BAA-A916-7FE366997AC5}.Ad-Hoc|iPhoneSimulator.ActiveCfg = Ad-Hoc|iPhoneSimulator
		{6F28F310-F46F-4BAA-A916-7FE366997AC5}.Ad-Hoc|iPhoneSimulator.Build.0 = Ad-Hoc|iPhoneSimulator
		{6F28F310-F46F-4BAA-A916-7FE366997AC5}.Ad-Hoc|x64.ActiveCfg = Ad-Hoc|iPhone
		{6F28F310-F46F-4BAA-A916-7FE366997AC5}.Ad-Hoc|x86.ActiveCfg = Ad-Hoc|iPhone
		{6F28F310-F46F-4BAA-A916-7FE366997AC5}.AppStore|Any CPU.ActiveCfg = AppStore|iPhone
		{6F28F310-F46F-4BAA-A916-7FE366997AC5}.AppStore|ARM.ActiveCfg = AppStore|iPhone
		{6F28F310-F46F-4BAA-A916-7FE366997AC5}.AppStore|iPhone.ActiveCfg = AppStore|iPhone
		{6F28F310-F46F-4BAA-A916-7FE366997AC5}.AppStore|iPhone.Build.0 = AppStore|iPhone
		{6F28F310-F46F-4BAA-A916-7FE366997AC5}.AppStore|iPhoneSimulator.ActiveCfg = AppStore|iPhoneSimulator
		{6F28F310-F46F-4BAA-A916-7FE366997AC5}.AppStore|iPhoneSimulator.Build.0 = AppStore|iPhoneSimulator
		{6F28F310-F46F-4BAA-A916-7FE366997AC5}.AppStore|x64.ActiveCfg = AppStore|iPhone
		{6F28F310-F46F-4BAA-A916-7FE366997AC5}.AppStore|x86.ActiveCfg = AppStore|iPhone
		{6F28F310-F46F-4BAA-A916-7FE366997AC5}.Debug|Any CPU.ActiveCfg = Debug|iPhone
		{6F28F310-F46F-4BAA-A916-7FE366997AC5}.Debug|ARM.ActiveCfg = Debug|iPhone
		{6F28F310-F46F-4BAA-A916-7FE366997AC5}.Debug|iPhone.ActiveCfg = Debug|iPhone
		{6F28F310-F46F-4BAA-A916-7FE366997AC5}.Debug|iPhone.Build.0 = Debug|iPhone
		{6F28F310-F46F-4BAA-A916-7FE366997AC5}.Debug|iPhoneSimulator.ActiveCfg = Debug|iPhoneSimulator
		{6F28F310-F46F-4BAA-A916-7FE366997AC5}.Debug|iPhoneSimulator.Build.0 = Debug|iPhoneSimulator
		{6F28F310-F46F-4BAA-A916-7FE366997AC5}.Debug|x64.ActiveCfg = Debug|iPhone
		{6F28F310-F46F-4BAA-A916-7FE366997AC5}.Debug|x86.ActiveCfg = Debug|iPhone
		{6F28F310-F46F-4BAA-A916-7FE366997AC5}.Release|Any CPU.ActiveCfg = Release|iPhone
		{6F28F310-F46F-4BAA-A916-7FE366997AC5}.Release|ARM.ActiveCfg = Release|iPhone
		{6F28F310-F46F-4BAA-A916-7FE366997AC5}.Release|iPhone.ActiveCfg = Release|iPhone
		{6F28F310-F46F-4BAA-A916-7FE366997AC5}.Release|iPhone.Build.0 = Release|iPhone
		{6F28F310-F46F-4BAA-A916-7FE366997AC5}.Release|iPhoneSimulator.ActiveCfg = Release|iPhoneSimulator
		{6F28F310-F46F-4BAA-A916-7FE366997AC5}.Release|iPhoneSimulator.Build.0 = Release|iPhoneSimulator
		{6F28F310-F46F-4BAA-A916-7FE366997AC5}.Release|x64.ActiveCfg = Release|iPhone
		{6F28F310-F46F-4BAA-A916-7FE366997AC5}.Release|x86.ActiveCfg = Release|iPhone
		{6CC874A5-9827-4FD6-B033-50B488D36E49}.Ad-Hoc|Any CPU.ActiveCfg = Release|x64
		{6CC874A5-9827-4FD6-B033-50B488D36E49}.Ad-Hoc|Any CPU.Build.0 = Release|x64
		{6CC874A5-9827-4FD6-B033-50B488D36E49}.Ad-Hoc|Any CPU.Deploy.0 = Release|x64
		{6CC874A5-9827-4FD6-B033-50B488D36E49}.Ad-Hoc|ARM.ActiveCfg = Release|ARM
		{6CC874A5-9827-4FD6-B033-50B488D36E49}.Ad-Hoc|ARM.Build.0 = Release|ARM
		{6CC874A5-9827-4FD6-B033-50B488D36E49}.Ad-Hoc|ARM.Deploy.0 = Release|ARM
		{6CC874A5-9827-4FD6-B033-50B488D36E49}.Ad-Hoc|iPhone.ActiveCfg = Release|x64
		{6CC874A5-9827-4FD6-B033-50B488D36E49}.Ad-Hoc|iPhone.Build.0 = Release|x64
		{6CC874A5-9827-4FD6-B033-50B488D36E49}.Ad-Hoc|iPhone.Deploy.0 = Release|x64
		{6CC874A5-9827-4FD6-B033-50B488D36E49}.Ad-Hoc|iPhoneSimulator.ActiveCfg = Release|x64
		{6CC874A5-9827-4FD6-B033-50B488D36E49}.Ad-Hoc|iPhoneSimulator.Build.0 = Release|x64
		{6CC874A5-9827-4FD6-B033-50B488D36E49}.Ad-Hoc|iPhoneSimulator.Deploy.0 = Release|x64
		{6CC874A5-9827-4FD6-B033-50B488D36E49}.Ad-Hoc|x64.ActiveCfg = Release|x64
		{6CC874A5-9827-4FD6-B033-50B488D36E49}.Ad-Hoc|x64.Build.0 = Release|x64
		{6CC874A5-9827-4FD6-B033-50B488D36E49}.Ad-Hoc|x64.Deploy.0 = Release|x64
		{6CC874A5-9827-4FD6-B033-50B488D36E49}.Ad-Hoc|x86.ActiveCfg = Release|x86
		{6CC874A5-9827-4FD6-B033-50B488D36E49}.Ad-Hoc|x86.Build.0 = Release|x86
		{6CC874A5-9827-4FD6-B033-50B488D36E49}.Ad-Hoc|x86.Deploy.0 = Release|x86
		{6CC874A5-9827-4FD6-B033-50B488D36E49}.AppStore|Any CPU.ActiveCfg = Release|x64
		{6CC874A5-9827-4FD6-B033-50B488D36E49}.AppStore|Any CPU.Build.0 = Release|x64
		{6CC874A5-9827-4FD6-B033-50B488D36E49}.AppStore|Any CPU.Deploy.0 = Release|x64
		{6CC874A5-9827-4FD6-B033-50B488D36E49}.AppStore|ARM.ActiveCfg = Release|ARM
		{6CC874A5-9827-4FD6-B033-50B488D36E49}.AppStore|ARM.Build.0 = Release|ARM
		{6CC874A5-9827-4FD6-B033-50B488D36E49}.AppStore|ARM.Deploy.0 = Release|ARM
		{6CC874A5-9827-4FD6-B033-50B488D36E49}.AppStore|iPhone.ActiveCfg = Release|x64
		{6CC874A5-9827-4FD6-B033-50B488D36E49}.AppStore|iPhone.Build.0 = Release|x64
		{6CC874A5-9827-4FD6-B033-50B488D36E49}.AppStore|iPhone.Deploy.0 = Release|x64
		{6CC874A5-9827-4FD6-B033-50B488D36E49}.AppStore|iPhoneSimulator.ActiveCfg = Release|x64
		{6CC874A5-9827-4FD6-B033-50B488D36E49}.AppStore|iPhoneSimulator.Build.0 = Release|x64
		{6CC874A5-9827-4FD6-B033-50B488D36E49}.AppStore|iPhoneSimulator.Deploy.0 = Release|x64
		{6CC874A5-9827-4FD6-B033-50B488D36E49}.AppStore|x64.ActiveCfg = Release|x64
		{6CC874A5-9827-4FD6-B033-50B488D36E49}.AppStore|x64.Build.0 = Release|x64
		{6CC874A5-9827-4FD6-B033-50B488D36E49}.AppStore|x64.Deploy.0 = Release|x64
		{6CC874A5-9827-4FD6-B033-50B488D36E49}.AppStore|x86.ActiveCfg = Release|x86
		{6CC874A5-9827-4FD6-B033-50B488D36E49}.AppStore|x86.Build.0 = Release|x86
		{6CC874A5-9827-4FD6-B033-50B488D36E49}.AppStore|x86.Deploy.0 = Release|x86
		{6CC874A5-9827-4FD6-B033-50B488D36E49}.Debug|Any CPU.ActiveCfg = Debug|x86
		{6CC874A5-9827-4FD6-B033-50B488D36E49}.Debug|ARM.ActiveCfg = Debug|ARM
		{6CC874A5-9827-4FD6-B033-50B488D36E49}.Debug|ARM.Build.0 = Debug|ARM
		{6CC874A5-9827-4FD6-B033-50B488D36E49}.Debug|ARM.Deploy.0 = Debug|ARM
		{6CC874A5-9827-4FD6-B033-50B488D36E49}.Debug|iPhone.ActiveCfg = Debug|x86
		{6CC874A5-9827-4FD6-B033-50B488D36E49}.Debug|iPhoneSimulator.ActiveCfg = Debug|x86
		{6CC874A5-9827-4FD6-B033-50B488D36E49}.Debug|x64.ActiveCfg = Debug|x64
		{6CC874A5-9827-4FD6-B033-50B488D36E49}.Debug|x64.Build.0 = Debug|x64
		{6CC874A5-9827-4FD6-B033-50B488D36E49}.Debug|x64.Deploy.0 = Debug|x64
		{6CC874A5-9827-4FD6-B033-50B488D36E49}.Debug|x86.ActiveCfg = Debug|x86
		{6CC874A5-9827-4FD6-B033-50B488D36E49}.Debug|x86.Build.0 = Debug|x86
		{6CC874A5-9827-4FD6-B033-50B488D36E49}.Debug|x86.Deploy.0 = Debug|x86
		{6CC874A5-9827-4FD6-B033-50B488D36E49}.Release|Any CPU.ActiveCfg = Release|x86
		{6CC874A5-9827-4FD6-B033-50B488D36E49}.Release|ARM.ActiveCfg = Release|ARM
		{6CC874A5-9827-4FD6-B033-50B488D36E49}.Release|ARM.Build.0 = Release|ARM
		{6CC874A5-9827-4FD6-B033-50B488D36E49}.Release|ARM.Deploy.0 = Release|ARM
		{6CC874A5-9827-4FD6-B033-50B488D36E49}.Release|iPhone.ActiveCfg = Release|x86
		{6CC874A5-9827-4FD6-B033-50B488D36E49}.Release|iPhoneSimulator.ActiveCfg = Release|x86
		{6CC874A5-9827-4FD6-B033-50B488D36E49}.Release|x64.ActiveCfg = Release|x64
		{6CC874A5-9827-4FD6-B033-50B488D36E49}.Release|x64.Build.0 = Release|x64
		{6CC874A5-9827-4FD6-B033-50B488D36E49}.Release|x64.Deploy.0 = Release|x64
		{6CC874A5-9827-4FD6-B033-50B488D36E49}.Release|x86.ActiveCfg = Release|x86
		{6CC874A5-9827-4FD6-B033-50B488D36E49}.Release|x86.Build.0 = Release|x86
		{6CC874A5-9827-4FD6-B033-50B488D36E49}.Release|x86.Deploy.0 = Release|x86
		{7FAD781C-B7C7-4BD4-A001-ED56AC18369A}.Ad-Hoc|Any CPU.ActiveCfg = Debug|Any CPU
		{7FAD781C-B7C7-4BD4-A001-ED56AC18369A}.Ad-Hoc|Any CPU.Build.0 = Debug|Any CPU
		{7FAD781C-B7C7-4BD4-A001-ED56AC18369A}.Ad-Hoc|ARM.ActiveCfg = Debug|Any CPU
		{7FAD781C-B7C7-4BD4-A001-ED56AC18369A}.Ad-Hoc|ARM.Build.0 = Debug|Any CPU
		{7FAD781C-B7C7-4BD4-A001-ED56AC18369A}.Ad-Hoc|iPhone.ActiveCfg = Debug|Any CPU
		{7FAD781C-B7C7-4BD4-A001-ED56AC18369A}.Ad-Hoc|iPhone.Build.0 = Debug|Any CPU
		{7FAD781C-B7C7-4BD4-A001-ED56AC18369A}.Ad-Hoc|iPhoneSimulator.ActiveCfg = Debug|Any CPU
		{7FAD781C-B7C7-4BD4-A001-ED56AC18369A}.Ad-Hoc|iPhoneSimulator.Build.0 = Debug|Any CPU
		{7FAD781C-B7C7-4BD4-A001-ED56AC18369A}.Ad-Hoc|x64.ActiveCfg = Debug|Any CPU
		{7FAD781C-B7C7-4BD4-A001-ED56AC18369A}.Ad-Hoc|x64.Build.0 = Debug|Any CPU
		{7FAD781C-B7C7-4BD4-A001-ED56AC18369A}.Ad-Hoc|x86.ActiveCfg = Debug|Any CPU
		{7FAD781C-B7C7-4BD4-A001-ED56AC18369A}.Ad-Hoc|x86.Build.0 = Debug|Any CPU
		{7FAD781C-B7C7-4BD4-A001-ED56AC18369A}.AppStore|Any CPU.ActiveCfg = Debug|Any CPU
		{7FAD781C-B7C7-4BD4-A001-ED56AC18369A}.AppStore|Any CPU.Build.0 = Debug|Any CPU
		{7FAD781C-B7C7-4BD4-A001-ED56AC18369A}.AppStore|ARM.ActiveCfg = Debug|Any CPU
		{7FAD781C-B7C7-4BD4-A001-ED56AC18369A}.AppStore|ARM.Build.0 = Debug|Any CPU
		{7FAD781C-B7C7-4BD4-A001-ED56AC18369A}.AppStore|iPhone.ActiveCfg = Debug|Any CPU
		{7FAD781C-B7C7-4BD4-A001-ED56AC18369A}.AppStore|iPhone.Build.0 = Debug|Any CPU
		{7FAD781C-B7C7-4BD4-A001-ED56AC18369A}.AppStore|iPhoneSimulator.ActiveCfg = Debug|Any CPU
		{7FAD781C-B7C7-4BD4-A001-ED56AC18369A}.AppStore|iPhoneSimulator.Build.0 = Debug|Any CPU
		{7FAD781C-B7C7-4BD4-A001-ED56AC18369A}.AppStore|x64.ActiveCfg = Debug|Any CPU
		{7FAD781C-B7C7-4BD4-A001-ED56AC18369A}.AppStore|x64.Build.0 = Debug|Any CPU
		{7FAD781C-B7C7-4BD4-A001-ED56AC18369A}.AppStore|x86.ActiveCfg = Debug|Any CPU
		{7FAD781C-B7C7-4BD4-A001-ED56AC18369A}.AppStore|x86.Build.0 = Debug|Any CPU
		{7FAD781C-B7C7-4BD4-A001-ED56AC18369A}.Debug|Any CPU.ActiveCfg = Debug|Any CPU
		{7FAD781C-B7C7-4BD4-A001-ED56AC18369A}.Debug|Any CPU.Build.0 = Debug|Any CPU
		{7FAD781C-B7C7-4BD4-A001-ED56AC18369A}.Debug|ARM.ActiveCfg = Debug|Any CPU
		{7FAD781C-B7C7-4BD4-A001-ED56AC18369A}.Debug|ARM.Build.0 = Debug|Any CPU
		{7FAD781C-B7C7-4BD4-A001-ED56AC18369A}.Debug|iPhone.ActiveCfg = Debug|Any CPU
		{7FAD781C-B7C7-4BD4-A001-ED56AC18369A}.Debug|iPhone.Build.0 = Debug|Any CPU
		{7FAD781C-B7C7-4BD4-A001-ED56AC18369A}.Debug|iPhoneSimulator.ActiveCfg = Debug|Any CPU
		{7FAD781C-B7C7-4BD4-A001-ED56AC18369A}.Debug|iPhoneSimulator.Build.0 = Debug|Any CPU
		{7FAD781C-B7C7-4BD4-A001-ED56AC18369A}.Debug|x64.ActiveCfg = Debug|Any CPU
		{7FAD781C-B7C7-4BD4-A001-ED56AC18369A}.Debug|x64.Build.0 = Debug|Any CPU
		{7FAD781C-B7C7-4BD4-A001-ED56AC18369A}.Debug|x86.ActiveCfg = Debug|Any CPU
		{7FAD781C-B7C7-4BD4-A001-ED56AC18369A}.Debug|x86.Build.0 = Debug|Any CPU
		{7FAD781C-B7C7-4BD4-A001-ED56AC18369A}.Release|Any CPU.ActiveCfg = Release|Any CPU
		{7FAD781C-B7C7-4BD4-A001-ED56AC18369A}.Release|Any CPU.Build.0 = Release|Any CPU
		{7FAD781C-B7C7-4BD4-A001-ED56AC18369A}.Release|ARM.ActiveCfg = Release|Any CPU
		{7FAD781C-B7C7-4BD4-A001-ED56AC18369A}.Release|ARM.Build.0 = Release|Any CPU
		{7FAD781C-B7C7-4BD4-A001-ED56AC18369A}.Release|iPhone.ActiveCfg = Release|Any CPU
		{7FAD781C-B7C7-4BD4-A001-ED56AC18369A}.Release|iPhone.Build.0 = Release|Any CPU
		{7FAD781C-B7C7-4BD4-A001-ED56AC18369A}.Release|iPhoneSimulator.ActiveCfg = Release|Any CPU
		{7FAD781C-B7C7-4BD4-A001-ED56AC18369A}.Release|iPhoneSimulator.Build.0 = Release|Any CPU
		{7FAD781C-B7C7-4BD4-A001-ED56AC18369A}.Release|x64.ActiveCfg = Release|Any CPU
		{7FAD781C-B7C7-4BD4-A001-ED56AC18369A}.Release|x64.Build.0 = Release|Any CPU
		{7FAD781C-B7C7-4BD4-A001-ED56AC18369A}.Release|x86.ActiveCfg = Release|Any CPU
		{7FAD781C-B7C7-4BD4-A001-ED56AC18369A}.Release|x86.Build.0 = Release|Any CPU
	EndGlobalSection
	GlobalSection(SolutionProperties) = preSolution
		HideSolutionNode = FALSE
	EndGlobalSection
	GlobalSection(ExtensibilityGlobals) = postSolution
		SolutionGuid = {87402617-91E8-4598-AF98-E6D6EC0F6159}
	EndGlobalSection
EndGlobal
